
Microsoft Visual Studio Solution File, Format Version 12.00
# Visual Studio 15
Project("{FAE04EC0-301F-11D3-BF4B-00C04F79EFBC}") = "Assembly-CSharp", "Assembly-CSharp.csproj", "{F68A5A8E-FB47-95E7-9A1E-8A67D378718C}"
EndProject
Global
	GlobalSection(SolutionConfigurationPlatforms) = preSolution
		Debug|Any CPU = Debug|Any CPU
		Release|Any CPU = Release|Any CPU
	EndGlobalSection
	GlobalSection(ProjectConfigurationPlatforms) = postSolution
		{F68A5A8E-FB47-95E7-9A1E-8A67D378718C}.Debug|Any CPU.ActiveCfg = Debug|Any CPU
		{F68A5A8E-FB47-95E7-9A1E-8A67D378718C}.Debug|Any CPU.Build.0 = Debug|Any CPU
		{F68A5A8E-FB47-95E7-9A1E-8A67D378718C}.Release|Any CPU.ActiveCfg = Release|Any CPU
		{F68A5A8E-FB47-95E7-9A1E-8A67D378718C}.Release|Any CPU.Build.0 = Release|Any CPU
	EndGlobalSection
	GlobalSection(SolutionProperties) = preSolution
		HideSolutionNode = FALSE
	EndGlobalSection
EndGlobal
